github.com/mashmb/1pass/1pass-core v1.0.0 h1:iyeDutgXHI76mW1GHLME9bRPGYNz+jd3VpT30fSnTO0=
github.com/mashmb/1pass/1pass-core v1.0.0/go.mod h1:m1h4gDqEEufIYEIehOEP+qJYCsZ5UcdgfxOphWqfT4U=
golang.org/x/sys v0.0.0-20201119102817-f84b799fce68 h1:nxC68pudNYkKU6jWhgrqdreuFiOQWj1Fs7T3VrH4Pjw=
golang.org/x/sys v0.0.0-20201119102817-f84b799fce68/go.mod h1:h1NjWce9XRLGQEsW7wpKNCjG9DtNlClVuFLEZdDNbEs=
golang.org/x/term v0.0.0-20210422114643-f5beecf764ed h1:Ei4bQjjpYUsS4efOUz+5Nz++IVkHk87n2zBA0NxBWc0=
golang.org/x/term v0.0.0-20210422114643-f5beecf764ed/go.mod h1:bj7SfCRtBDWHUb9snDiAeCFNEtKQo2Wmx5Cou7ajbmo=
